
Microsoft Visual Studio Solution File, Format Version 12.00
# Visual Studio Version 16
VisualStudioVersion = 16.0.30717.126
MinimumVisualStudioVersion = 10.0.40219.1
Project("{FAE04EC0-301F-11D3-BF4B-00C04F79EFBC}") = "oop", "oop\oop.csproj", "{1F1579FE-0E02-43E3-A8E5-E81895CEAFAA}"
EndProject
Global
	GlobalSection(SolutionConfigurationPlatforms) = preSolution
		Debug|Any CPU = Debug|Any CPU
		Release|Any CPU = Release|Any CPU
	EndGlobalSection
	GlobalSection(ProjectConfigurationPlatforms) = postSolution
		{1F1579FE-0E02-43E3-A8E5-E81895CEAFAA}.Debug|Any CPU.ActiveCfg = Debug|Any CPU
		{1F1579FE-0E02-43E3-A8E5-E81895CEAFAA}.Debug|Any CPU.Build.0 = Debug|Any CPU
		{1F1579FE-0E02-43E3-A8E5-E81895CEAFAA}.Release|Any CPU.ActiveCfg = Release|Any CPU
		{1F1579FE-0E02-43E3-A8E5-E81895CEAFAA}.Release|Any CPU.Build.0 = Release|Any CPU
	EndGlobalSection
	GlobalSection(SolutionProperties) = preSolution
		HideSolutionNode = FALSE
	EndGlobalSection
	GlobalSection(ExtensibilityGlobals) = postSolution
		SolutionGuid = {BE47F21B-1A31-4A30-9906-B36940F6D989}
	EndGlobalSection
EndGlobal
